{
  "requires": true,
  "lockfileVersion": 1,
  "dependencies": {
    "vee-validate": {
      "version": "2.1.0-beta.11",
      "resolved": "https://registry.npmjs.org/vee-validate/-/vee-validate-2.1.0-beta.11.tgz",
      "integrity": "sha512-dnH2oQQ40+0g9L7H9oMrVxnP9unWEXLNAbFaeEumklnjOrjPv20lpykZqyGSyuK/pi3dhsKb2x1VixWsCITRvw=="
    }
  }
}
