{
  "name": "web",
  "version": "1.0.0",
  "lockfileVersion": 1,
  "requires": true,
  "dependencies": {
    "vee-validate": {
      "version": "3.0.2",
      "resolved": "https://registry.npmjs.org/vee-validate/-/vee-validate-3.0.2.tgz",
      "integrity": "sha512-JpWarnbyuXmyU4wyL7rybAP8Qt5BcEDdoJtrX1mtiue/0IRYbXT04vIshg6hGfIqpBHL45Qs1AOMMHnMsBYBSQ=="
    }
  }
}
