{
  "requires": true,
  "lockfileVersion": 1,
  "dependencies": {
    "vee-validate": {
      "version": "3.0.3",
      "resolved": "https://registry.npmjs.org/vee-validate/-/vee-validate-3.0.3.tgz",
      "integrity": "sha512-DsM1h1KDrUNzyL90JTfZkz6wmcGC033g2PjWhW40uU4rySueBg0tq+bb5zois/1vRAfNCXL5JVwVWeDQec4wuw=="
    },
    "vue": {
      "version": "2.6.10",
      "resolved": "https://registry.npmjs.org/vue/-/vue-2.6.10.tgz",
      "integrity": "sha512-ImThpeNU9HbdZL3utgMCq0oiMzAkt1mcgy3/E6zWC/G6AaQoeuFdsl9nDhTDU3X1R6FK7nsIUuRACVcjI+A2GQ=="
    }
  }
}
